
Microsoft Visual Studio Solution File, Format Version 11.00
# Visual Studio 2010
Project("{FAE04EC0-301F-11D3-BF4B-00C04F79EFBC}") = "aps", "aps\aps.csproj", "{A5389D79-D951-4CB9-9734-EAFEB2135A37}"
EndProject
Global
	GlobalSection(SolutionConfigurationPlatforms) = preSolution
		Debug|Any CPU = Debug|Any CPU
		Release|Any CPU = Release|Any CPU
	EndGlobalSection
	GlobalSection(ProjectConfigurationPlatforms) = postSolution
		{A5389D79-D951-4CB9-9734-EAFEB2135A37}.Debug|Any CPU.ActiveCfg = Debug|Any CPU
		{A5389D79-D951-4CB9-9734-EAFEB2135A37}.Debug|Any CPU.Build.0 = Debug|Any CPU
		{A5389D79-D951-4CB9-9734-EAFEB2135A37}.Release|Any CPU.ActiveCfg = Release|Any CPU
		{A5389D79-D951-4CB9-9734-EAFEB2135A37}.Release|Any CPU.Build.0 = Release|Any CPU
	EndGlobalSection
	GlobalSection(SolutionProperties) = preSolution
		HideSolutionNode = FALSE
	EndGlobalSection
EndGlobal
